// !$*UTF8*$!
{
	archiveVersion = 1;
	classes = {
	};
	objectVersion = 46;
	objects = {

/* Begin PBXBuildFile section */
		8432FAF71F54473900E1A361 /* AppDelegate.swift in Sources */ = {isa = PBXBuildFile; fileRef = 8432FAF61F54473900E1A361 /* AppDelegate.swift */; };
		8432FAF91F54473900E1A361 /* CurrentLocationViewController.swift in Sources */ = {isa = PBXBuildFile; fileRef = 8432FAF81F54473900E1A361 /* CurrentLocationViewController.swift */; };
		8432FAFE1F54473900E1A361 /* Main.storyboard in Resources */ = {isa = PBXBuildFile; fileRef = 8432FAFC1F54473900E1A361 /* Main.storyboard */; };
		8432FB001F54473900E1A361 /* Assets.xcassets in Resources */ = {isa = PBXBuildFile; fileRef = 8432FAFF1F54473900E1A361 /* Assets.xcassets */; };
		8432FB031F54473900E1A361 /* LaunchScreen.storyboard in Resources */ = {isa = PBXBuildFile; fileRef = 8432FB011F54473900E1A361 /* LaunchScreen.storyboard */; };
		8432FB0B1F593E9D00E1A361 /* LocationDetailsViewController.swift in Sources */ = {isa = PBXBuildFile; fileRef = 8432FB0A1F593E9D00E1A361 /* LocationDetailsViewController.swift */; };
		8432FB0E1F5D2EEF00E1A361 /* DataModel.xcdatamodeld in Sources */ = {isa = PBXBuildFile; fileRef = 8432FB0C1F5D2EEF00E1A361 /* DataModel.xcdatamodeld */; };
		8432FB111F5D327600E1A361 /* Location+CoreDataClass.swift in Sources */ = {isa = PBXBuildFile; fileRef = 8432FB0F1F5D327600E1A361 /* Location+CoreDataClass.swift */; };
		8432FB121F5D327600E1A361 /* Location+CoreDataProperties.swift in Sources */ = {isa = PBXBuildFile; fileRef = 8432FB101F5D327600E1A361 /* Location+CoreDataProperties.swift */; };
		8432FB141F5EF59800E1A361 /* LocationsViewController.swift in Sources */ = {isa = PBXBuildFile; fileRef = 8432FB131F5EF59800E1A361 /* LocationsViewController.swift */; };
		8432FB161F6014A000E1A361 /* LocationCell.swift in Sources */ = {isa = PBXBuildFile; fileRef = 8432FB151F6014A000E1A361 /* LocationCell.swift */; };
		8432FB191F642B3C00E1A361 /* MapKit.framework in Frameworks */ = {isa = PBXBuildFile; fileRef = 8432FB181F642B3C00E1A361 /* MapKit.framework */; };
		8432FB1B1F642D1500E1A361 /* MapViewController.swift in Sources */ = {isa = PBXBuildFile; fileRef = 8432FB1A1F642D1500E1A361 /* MapViewController.swift */; };
		F71529841F5BFA2000268F36 /* CategoryPickerViewController.swift in Sources */ = {isa = PBXBuildFile; fileRef = F71529831F5BFA2000268F36 /* CategoryPickerViewController.swift */; };
		F71529861F5C467F00268F36 /* HudView.swift in Sources */ = {isa = PBXBuildFile; fileRef = F71529851F5C467F00268F36 /* HudView.swift */; };
		F71529881F5C7FEE00268F36 /* Functions.swift in Sources */ = {isa = PBXBuildFile; fileRef = F71529871F5C7FEE00268F36 /* Functions.swift */; };
		F723B5471F77CC67000E5E3F /* UIImage+Resize.swift in Sources */ = {isa = PBXBuildFile; fileRef = F723B5461F77CC67000E5E3F /* UIImage+Resize.swift */; };
		F723B5491F77D600000E5E3F /* String+AddText.swift in Sources */ = {isa = PBXBuildFile; fileRef = F723B5481F77D600000E5E3F /* String+AddText.swift */; };
		F723B54B1F77E324000E5E3F /* MyTabBarController.swift in Sources */ = {isa = PBXBuildFile; fileRef = F723B54A1F77E324000E5E3F /* MyTabBarController.swift */; };
		F723B54D1F77E43A000E5E3F /* MyNavigationController.swift in Sources */ = {isa = PBXBuildFile; fileRef = F723B54C1F77E43A000E5E3F /* MyNavigationController.swift */; };
		F723B54F1F77E4D6000E5E3F /* MyImagePickerController.swift in Sources */ = {isa = PBXBuildFile; fileRef = F723B54E1F77E4D6000E5E3F /* MyImagePickerController.swift */; };
/* End PBXBuildFile section */

/* Begin PBXFileReference section */
		8432FAF31F54473900E1A361 /* MyLocations.app */ = {isa = PBXFileReference; explicitFileType = wrapper.application; includeInIndex = 0; path = MyLocations.app; sourceTree = BUILT_PRODUCTS_DIR; };
		8432FAF61F54473900E1A361 /* AppDelegate.swift */ = {isa = PBXFileReference; lastKnownFileType = sourcecode.swift; path = AppDelegate.swift; sourceTree = "<group>"; wrapsLines = 0; };
		8432FAF81F54473900E1A361 /* CurrentLocationViewController.swift */ = {isa = PBXFileReference; lastKnownFileType = sourcecode.swift; path = CurrentLocationViewController.swift; sourceTree = "<group>"; };
		8432FAFD1F54473900E1A361 /* Base */ = {isa = PBXFileReference; lastKnownFileType = file.storyboard; name = Base; path = Base.lproj/Main.storyboard; sourceTree = "<group>"; };
		8432FAFF1F54473900E1A361 /* Assets.xcassets */ = {isa = PBXFileReference; lastKnownFileType = folder.assetcatalog; path = Assets.xcassets; sourceTree = "<group>"; };
		8432FB021F54473900E1A361 /* Base */ = {isa = PBXFileReference; lastKnownFileType = file.storyboard; name = Base; path = Base.lproj/LaunchScreen.storyboard; sourceTree = "<group>"; };
		8432FB041F54473900E1A361 /* Info.plist */ = {isa = PBXFileReference; lastKnownFileType = text.plist.xml; path = Info.plist; sourceTree = "<group>"; };
		8432FB0A1F593E9D00E1A361 /* LocationDetailsViewController.swift */ = {isa = PBXFileReference; fileEncoding = 4; lastKnownFileType = sourcecode.swift; path = LocationDetailsViewController.swift; sourceTree = "<group>"; wrapsLines = 0; };
		8432FB0D1F5D2EEF00E1A361 /* DataModel.xcdatamodel */ = {isa = PBXFileReference; lastKnownFileType = wrapper.xcdatamodel; path = DataModel.xcdatamodel; sourceTree = "<group>"; };
		8432FB0F1F5D327600E1A361 /* Location+CoreDataClass.swift */ = {isa = PBXFileReference; fileEncoding = 4; lastKnownFileType = sourcecode.swift; path = "Location+CoreDataClass.swift"; sourceTree = "<group>"; };
		8432FB101F5D327600E1A361 /* Location+CoreDataProperties.swift */ = {isa = PBXFileReference; fileEncoding = 4; lastKnownFileType = sourcecode.swift; path = "Location+CoreDataProperties.swift"; sourceTree = "<group>"; };
		8432FB131F5EF59800E1A361 /* LocationsViewController.swift */ = {isa = PBXFileReference; fileEncoding = 4; lastKnownFileType = sourcecode.swift; path = LocationsViewController.swift; sourceTree = "<group>"; };
		8432FB151F6014A000E1A361 /* LocationCell.swift */ = {isa = PBXFileReference; fileEncoding = 4; lastKnownFileType = sourcecode.swift; path = LocationCell.swift; sourceTree = "<group>"; };
		8432FB181F642B3C00E1A361 /* MapKit.framework */ = {isa = PBXFileReference; lastKnownFileType = wrapper.framework; name = MapKit.framework; path = System/Library/Frameworks/MapKit.framework; sourceTree = SDKROOT; };
		8432FB1A1F642D1500E1A361 /* MapViewController.swift */ = {isa = PBXFileReference; fileEncoding = 4; lastKnownFileType = sourcecode.swift; path = MapViewController.swift; sourceTree = "<group>"; wrapsLines = 0; };
		F71529831F5BFA2000268F36 /* CategoryPickerViewController.swift */ = {isa = PBXFileReference; fileEncoding = 4; lastKnownFileType = sourcecode.swift; path = CategoryPickerViewController.swift; sourceTree = "<group>"; wrapsLines = 0; };
		F71529851F5C467F00268F36 /* HudView.swift */ = {isa = PBXFileReference; fileEncoding = 4; lastKnownFileType = sourcecode.swift; path = HudView.swift; sourceTree = "<group>"; };
		F71529871F5C7FEE00268F36 /* Functions.swift */ = {isa = PBXFileReference; fileEncoding = 4; lastKnownFileType = sourcecode.swift; path = Functions.swift; sourceTree = "<group>"; };
		F723B5461F77CC67000E5E3F /* UIImage+Resize.swift */ = {isa = PBXFileReference; fileEncoding = 4; lastKnownFileType = sourcecode.swift; path = "UIImage+Resize.swift"; sourceTree = "<group>"; };
		F723B5481F77D600000E5E3F /* String+AddText.swift */ = {isa = PBXFileReference; fileEncoding = 4; lastKnownFileType = sourcecode.swift; path = "String+AddText.swift"; sourceTree = "<group>"; };
		F723B54A1F77E324000E5E3F /* MyTabBarController.swift */ = {isa = PBXFileReference; fileEncoding = 4; lastKnownFileType = sourcecode.swift; path = MyTabBarController.swift; sourceTree = "<group>"; };
		F723B54C1F77E43A000E5E3F /* MyNavigationController.swift */ = {isa = PBXFileReference; fileEncoding = 4; lastKnownFileType = sourcecode.swift; path = MyNavigationController.swift; sourceTree = "<group>"; };
		F723B54E1F77E4D6000E5E3F /* MyImagePickerController.swift */ = {isa = PBXFileReference; fileEncoding = 4; lastKnownFileType = sourcecode.swift; path = MyImagePickerController.swift; sourceTree = "<group>"; };
/* End PBXFileReference section */

/* Begin PBXFrameworksBuildPhase section */
		8432FAF01F54473900E1A361 /* Frameworks */ = {
			isa = PBXFrameworksBuildPhase;
			buildActionMask = 2147483647;
			files = (
				8432FB191F642B3C00E1A361 /* MapKit.framework in Frameworks */,
			);
			runOnlyForDeploymentPostprocessing = 0;
		};
/* End PBXFrameworksBuildPhase section */

/* Begin PBXGroup section */
		8432FAEA1F54473900E1A361 = {
			isa = PBXGroup;
			children = (
				8432FAF51F54473900E1A361 /* MyLocations */,
				8432FAF41F54473900E1A361 /* Products */,
				8432FB171F642B3C00E1A361 /* Frameworks */,
			);
			sourceTree = "<group>";
		};
		8432FAF41F54473900E1A361 /* Products */ = {
			isa = PBXGroup;
			children = (
				8432FAF31F54473900E1A361 /* MyLocations.app */,
			);
			name = Products;
			sourceTree = "<group>";
		};
		8432FAF51F54473900E1A361 /* MyLocations */ = {
			isa = PBXGroup;
			children = (
				8432FAF61F54473900E1A361 /* AppDelegate.swift */,
				8432FAFF1F54473900E1A361 /* Assets.xcassets */,
				F71529831F5BFA2000268F36 /* CategoryPickerViewController.swift */,
				8432FAF81F54473900E1A361 /* CurrentLocationViewController.swift */,
				8432FB0C1F5D2EEF00E1A361 /* DataModel.xcdatamodeld */,
				F71529871F5C7FEE00268F36 /* Functions.swift */,
				F71529851F5C467F00268F36 /* HudView.swift */,
				8432FB041F54473900E1A361 /* Info.plist */,
				8432FB011F54473900E1A361 /* LaunchScreen.storyboard */,
				8432FB0F1F5D327600E1A361 /* Location+CoreDataClass.swift */,
				8432FB101F5D327600E1A361 /* Location+CoreDataProperties.swift */,
				8432FB151F6014A000E1A361 /* LocationCell.swift */,
				8432FB0A1F593E9D00E1A361 /* LocationDetailsViewController.swift */,
				8432FB131F5EF59800E1A361 /* LocationsViewController.swift */,
				8432FAFC1F54473900E1A361 /* Main.storyboard */,
				8432FB1A1F642D1500E1A361 /* MapViewController.swift */,
				F723B54E1F77E4D6000E5E3F /* MyImagePickerController.swift */,
				F723B54C1F77E43A000E5E3F /* MyNavigationController.swift */,
				F723B54A1F77E324000E5E3F /* MyTabBarController.swift */,
				F723B5481F77D600000E5E3F /* String+AddText.swift */,
				F723B5461F77CC67000E5E3F /* UIImage+Resize.swift */,
			);
			path = MyLocations;
			sourceTree = "<group>";
		};
		8432FB171F642B3C00E1A361 /* Frameworks */ = {
			isa = PBXGroup;
			children = (
				8432FB181F642B3C00E1A361 /* MapKit.framework */,
			);
			name = Frameworks;
			sourceTree = "<group>";
		};
/* End PBXGroup section */

/* Begin PBXNativeTarget section */
		8432FAF21F54473900E1A361 /* MyLocations */ = {
			isa = PBXNativeTarget;
			buildConfigurationList = 8432FB071F54473900E1A361 /* Build configuration list for PBXNativeTarget "MyLocations" */;
			buildPhases = (
				8432FAEF1F54473900E1A361 /* Sources */,
				8432FAF01F54473900E1A361 /* Frameworks */,
				8432FAF11F54473900E1A361 /* Resources */,
			);
			buildRules = (
			);
			dependencies = (
			);
			name = MyLocations;
			productName = MyLocations;
			productReference = 8432FAF31F54473900E1A361 /* MyLocations.app */;
			productType = "com.apple.product-type.application";
		};
/* End PBXNativeTarget section */

/* Begin PBXProject section */
		8432FAEB1F54473900E1A361 /* Project object */ = {
			isa = PBXProject;
			attributes = {
				LastSwiftUpdateCheck = 0830;
				LastUpgradeCheck = 0830;
				ORGANIZATIONNAME = gleb.maltcev;
				TargetAttributes = {
					8432FAF21F54473900E1A361 = {
						CreatedOnToolsVersion = 8.3.3;
						ProvisioningStyle = Automatic;
						SystemCapabilities = {
							com.apple.Maps.iOS = {
								enabled = 1;
							};
						};
					};
				};
			};
			buildConfigurationList = 8432FAEE1F54473900E1A361 /* Build configuration list for PBXProject "MyLocations" */;
			compatibilityVersion = "Xcode 3.2";
			developmentRegion = English;
			hasScannedForEncodings = 0;
			knownRegions = (
				en,
				Base,
			);
			mainGroup = 8432FAEA1F54473900E1A361;
			productRefGroup = 8432FAF41F54473900E1A361 /* Products */;
			projectDirPath = "";
			projectRoot = "";
			targets = (
				8432FAF21F54473900E1A361 /* MyLocations */,
			);
		};
/* End PBXProject section */

/* Begin PBXResourcesBuildPhase section */
		8432FAF11F54473900E1A361 /* Resources */ = {
			isa = PBXResourcesBuildPhase;
			buildActionMask = 2147483647;
			files = (
				8432FB031F54473900E1A361 /* LaunchScreen.storyboard in Resources */,
				8432FB001F54473900E1A361 /* Assets.xcassets in Resources */,
				8432FAFE1F54473900E1A361 /* Main.storyboard in Resources */,
			);
			runOnlyForDeploymentPostprocessing = 0;
		};
/* End PBXResourcesBuildPhase section */

/* Begin PBXSourcesBuildPhase section */
		8432FAEF1F54473900E1A361 /* Sources */ = {
			isa = PBXSourcesBuildPhase;
			buildActionMask = 2147483647;
			files = (
				8432FB0B1F593E9D00E1A361 /* LocationDetailsViewController.swift in Sources */,
				F723B54D1F77E43A000E5E3F /* MyNavigationController.swift in Sources */,
				8432FB0E1F5D2EEF00E1A361 /* DataModel.xcdatamodeld in Sources */,
				F723B54F1F77E4D6000E5E3F /* MyImagePickerController.swift in Sources */,
				F71529861F5C467F00268F36 /* HudView.swift in Sources */,
				8432FB141F5EF59800E1A361 /* LocationsViewController.swift in Sources */,
				8432FB121F5D327600E1A361 /* Location+CoreDataProperties.swift in Sources */,
				F723B5471F77CC67000E5E3F /* UIImage+Resize.swift in Sources */,
				8432FB1B1F642D1500E1A361 /* MapViewController.swift in Sources */,
				8432FB161F6014A000E1A361 /* LocationCell.swift in Sources */,
				F71529881F5C7FEE00268F36 /* Functions.swift in Sources */,
				F723B5491F77D600000E5E3F /* String+AddText.swift in Sources */,
				8432FAF71F54473900E1A361 /* AppDelegate.swift in Sources */,
				8432FB111F5D327600E1A361 /* Location+CoreDataClass.swift in Sources */,
				F71529841F5BFA2000268F36 /* CategoryPickerViewController.swift in Sources */,
				8432FAF91F54473900E1A361 /* CurrentLocationViewController.swift in Sources */,
				F723B54B1F77E324000E5E3F /* MyTabBarController.swift in Sources */,
			);
			runOnlyForDeploymentPostprocessing = 0;
		};
/* End PBXSourcesBuildPhase section */

/* Begin PBXVariantGroup section */
		8432FAFC1F54473900E1A361 /* Main.storyboard */ = {
			isa = PBXVariantGroup;
			children = (
				8432FAFD1F54473900E1A361 /* Base */,
			);
			name = Main.storyboard;
			sourceTree = "<group>";
		};
		8432FB011F54473900E1A361 /* LaunchScreen.storyboard */ = {
			isa = PBXVariantGroup;
			children = (
				8432FB021F54473900E1A361 /* Base */,
			);
			name = LaunchScreen.storyboard;
			sourceTree = "<group>";
		};
/* End PBXVariantGroup section */

/* Begin XCBuildConfiguration section */
		8432FB051F54473900E1A361 /* Debug */ = {
			isa = XCBuildConfiguration;
			buildSettings = {
				ALWAYS_SEARCH_USER_PATHS = NO;
				CLANG_ANALYZER_NONNULL = YES;
				CLANG_ANALYZER_NUMBER_OBJECT_CONVERSION = YES_AGGRESSIVE;
				CLANG_CXX_LANGUAGE_STANDARD = "gnu++0x";
				CLANG_CXX_LIBRARY = "libc++";
				CLANG_ENABLE_MODULES = YES;
				CLANG_ENABLE_OBJC_ARC = YES;
				CLANG_WARN_BOOL_CONVERSION = YES;
				CLANG_WARN_CONSTANT_CONVERSION = YES;
				CLANG_WARN_DIRECT_OBJC_ISA_USAGE = YES_ERROR;
				CLANG_WARN_DOCUMENTATION_COMMENTS = YES;
				CLANG_WARN_EMPTY_BODY = YES;
				CLANG_WARN_ENUM_CONVERSION = YES;
				CLANG_WARN_INFINITE_RECURSION = YES;
				CLANG_WARN_INT_CONVERSION = YES;
				CLANG_WARN_OBJC_ROOT_CLASS = YES_ERROR;
				CLANG_WARN_SUSPICIOUS_MOVE = YES;
				CLANG_WARN_UNREACHABLE_CODE = YES;
				CLANG_WARN__DUPLICATE_METHOD_MATCH = YES;
				"CODE_SIGN_IDENTITY[sdk=iphoneos*]" = "iPhone Developer";
				COPY_PHASE_STRIP = NO;
				DEBUG_INFORMATION_FORMAT = dwarf;
				ENABLE_STRICT_OBJC_MSGSEND = YES;
				ENABLE_TESTABILITY = YES;
				GCC_C_LANGUAGE_STANDARD = gnu99;
				GCC_DYNAMIC_NO_PIC = NO;
				GCC_NO_COMMON_BLOCKS = YES;
				GCC_OPTIMIZATION_LEVEL = 0;
				GCC_PREPROCESSOR_DEFINITIONS = (
					"DEBUG=1",
					"$(inherited)",
				);
				GCC_WARN_64_TO_32_BIT_CONVERSION = YES;
				GCC_WARN_ABOUT_RETURN_TYPE = YES_ERROR;
				GCC_WARN_UNDECLARED_SELECTOR = YES;
				GCC_WARN_UNINITIALIZED_AUTOS = YES_AGGRESSIVE;
				GCC_WARN_UNUSED_FUNCTION = YES;
				GCC_WARN_UNUSED_VARIABLE = YES;
				IPHONEOS_DEPLOYMENT_TARGET = 10.3;
				MTL_ENABLE_DEBUG_INFO = YES;
				ONLY_ACTIVE_ARCH = YES;
				SDKROOT = iphoneos;
				SWIFT_ACTIVE_COMPILATION_CONDITIONS = DEBUG;
				SWIFT_OPTIMIZATION_LEVEL = "-Onone";
			};
			name = Debug;
		};
		8432FB061F54473900E1A361 /* Release */ = {
			isa = XCBuildConfiguration;
			buildSettings = {
				ALWAYS_SEARCH_USER_PATHS = NO;
				CLANG_ANALYZER_NONNULL = YES;
				CLANG_ANALYZER_NUMBER_OBJECT_CONVERSION = YES_AGGRESSIVE;
				CLANG_CXX_LANGUAGE_STANDARD = "gnu++0x";
				CLANG_CXX_LIBRARY = "libc++";
				CLANG_ENABLE_MODULES = YES;
				CLANG_ENABLE_OBJC_ARC = YES;
				CLANG_WARN_BOOL_CONVERSION = YES;
				CLANG_WARN_CONSTANT_CONVERSION = YES;
				CLANG_WARN_DIRECT_OBJC_ISA_USAGE = YES_ERROR;
				CLANG_WARN_DOCUMENTATION_COMMENTS = YES;
				CLANG_WARN_EMPTY_BODY = YES;
				CLANG_WARN_ENUM_CONVERSION = YES;
				CLANG_WARN_INFINITE_RECURSION = YES;
				CLANG_WARN_INT_CONVERSION = YES;
				CLANG_WARN_OBJC_ROOT_CLASS = YES_ERROR;
				CLANG_WARN_SUSPICIOUS_MOVE = YES;
				CLANG_WARN_UNREACHABLE_CODE = YES;
				CLANG_WARN__DUPLICATE_METHOD_MATCH = YES;
				"CODE_SIGN_IDENTITY[sdk=iphoneos*]" = "iPhone Developer";
				COPY_PHASE_STRIP = NO;
				DEBUG_INFORMATION_FORMAT = "dwarf-with-dsym";
				ENABLE_NS_ASSERTIONS = NO;
				ENABLE_STRICT_OBJC_MSGSEND = YES;
				GCC_C_LANGUAGE_STANDARD = gnu99;
				GCC_NO_COMMON_BLOCKS = YES;
				GCC_WARN_64_TO_32_BIT_CONVERSION = YES;
				GCC_WARN_ABOUT_RETURN_TYPE = YES_ERROR;
				GCC_WARN_UNDECLARED_SELECTOR = YES;
				GCC_WARN_UNINITIALIZED_AUTOS = YES_AGGRESSIVE;
				GCC_WARN_UNUSED_FUNCTION = YES;
				GCC_WARN_UNUSED_VARIABLE = YES;
				IPHONEOS_DEPLOYMENT_TARGET = 10.3;
				MTL_ENABLE_DEBUG_INFO = NO;
				SDKROOT = iphoneos;
				SWIFT_OPTIMIZATION_LEVEL = "-Owholemodule";
				VALIDATE_PRODUCT = YES;
			};
			name = Release;
		};
		8432FB081F54473900E1A361 /* Debug */ = {
			isa = XCBuildConfiguration;
			buildSettings = {
				ASSETCATALOG_COMPILER_APPICON_NAME = AppIcon;
				INFOPLIST_FILE = MyLocations/Info.plist;
				IPHONEOS_DEPLOYMENT_TARGET = 10.2;
				LD_RUNPATH_SEARCH_PATHS = "$(inherited) @executable_path/Frameworks";
				PRODUCT_BUNDLE_IDENTIFIER = com.gleb.maltcev.MyLocations;
				PRODUCT_NAME = "$(TARGET_NAME)";
				SWIFT_VERSION = 3.0;
				TARGETED_DEVICE_FAMILY = 1;
			};
			name = Debug;
		};
		8432FB091F54473900E1A361 /* Release */ = {
			isa = XCBuildConfiguration;
			buildSettings = {
				ASSETCATALOG_COMPILER_APPICON_NAME = AppIcon;
				INFOPLIST_FILE = MyLocations/Info.plist;
				IPHONEOS_DEPLOYMENT_TARGET = 10.2;
				LD_RUNPATH_SEARCH_PATHS = "$(inherited) @executable_path/Frameworks";
				PRODUCT_BUNDLE_IDENTIFIER = com.gleb.maltcev.MyLocations;
				PRODUCT_NAME = "$(TARGET_NAME)";
				SWIFT_VERSION = 3.0;
				TARGETED_DEVICE_FAMILY = 1;
			};
			name = Release;
		};
/* End XCBuildConfiguration section */

/* Begin XCConfigurationList section */
		8432FAEE1F54473900E1A361 /* Build configuration list for PBXProject "MyLocations" */ = {
			isa = XCConfigurationList;
			buildConfigurations = (
				8432FB051F54473900E1A361 /* Debug */,
				8432FB061F54473900E1A361 /* Release */,
			);
			defaultConfigurationIsVisible = 0;
			defaultConfigurationName = Release;
		};
		8432FB071F54473900E1A361 /* Build configuration list for PBXNativeTarget "MyLocations" */ = {
			isa = XCConfigurationList;
			buildConfigurations = (
				8432FB081F54473900E1A361 /* Debug */,
				8432FB091F54473900E1A361 /* Release */,
			);
			defaultConfigurationIsVisible = 0;
			defaultConfigurationName = Release;
		};
/* End XCConfigurationList section */

/* Begin XCVersionGroup section */
		8432FB0C1F5D2EEF00E1A361 /* DataModel.xcdatamodeld */ = {
			isa = XCVersionGroup;
			children = (
				8432FB0D1F5D2EEF00E1A361 /* DataModel.xcdatamodel */,
			);
			currentVersion = 8432FB0D1F5D2EEF00E1A361 /* DataModel.xcdatamodel */;
			path = DataModel.xcdatamodeld;
			sourceTree = "<group>";
			versionGroupType = wrapper.xcdatamodel;
		};
/* End XCVersionGroup section */
	};
	rootObject = 8432FAEB1F54473900E1A361 /* Project object */;
}
